<?xml version="1.0" encoding="utf-8"?>
<Project ToolsVersion="4.0" xmlns="http://schemas.microsoft.com/developer/msbuild/2003">
  <ItemGroup>
    <Filter Include="Source Files">
      <UniqueIdentifier>{4FC737F1-C7A5-4376-A066-2A32D752A2FF}</UniqueIdentifier>
      <Extensions>cpp;c;cc;cxx;c++;cppm;ixx;def;odl;idl;hpj;bat;asm;asmx</Extensions>
    </Filter>
    <Filter Include="Header Files">
      <UniqueIdentifier>{93995380-89BD-4b04-88EB-625FBE52EBFB}</UniqueIdentifier>
      <Extensions>h;hh;hpp;hxx;h++;hm;inl;inc;ipp;xsd</Extensions>
    </Filter>
    <Filter Include="Resource Files">
      <UniqueIdentifier>{67DA6AB6-F800-4c08-8B7A-83BB121AAD01}</UniqueIdentifier>
      <Extensions>rc;ico;cur;bmp;dlg;rc2;rct;bin;rgs;gif;jpg;jpeg;jpe;resx;tiff;tif;png;wav;mfcribbon-ms</Extensions>
    </Filter>
  </ItemGroup>
  <ItemGroup>
    <ClCompile Include="duck.cpp">
      <Filter>Source Files</Filter>
    </ClCompile>
    <ClCompile Include="platform.cpp">
      <Filter>Source Files</Filter>
    </ClCompile>
    <ClCompile Include="main.cpp">
      <Filter>Source Files</Filter>
    </ClCompile>
    <ClCompile Include="static.cpp">
      <Filter>Source Files</Filter>
    </ClCompile>
    <ClCompile Include="obstacles.cpp">
      <Filter>Source Files</Filter>
    </ClCompile>
    <ClCompile Include="game.cpp">
      <Filter>Source Files</Filter>
    </ClCompile>
    <ClCompile Include="collectibles.cpp">
      <Filter>Source Files</Filter>
    </ClCompile>
    <ClCompile Include="exception.cpp">
      <Filter>Source Files</Filter>
    </ClCompile>
  </ItemGroup>
  <ItemGroup>
    <ClInclude Include="duck.h">
      <Filter>Header Files</Filter>
    </ClInclude>
    <ClInclude Include="static.h">
      <Filter>Header Files</Filter>
    </ClInclude>
    <ClInclude Include="obstacles.h">
      <Filter>Header Files</Filter>
    </ClInclude>
    <ClInclude Include="collectibles.h">
      <Filter>Header Files</Filter>
    </ClInclude>
    <ClInclude Include="platform.h">
      <Filter>Header Files</Filter>
    </ClInclude>
    <ClInclude Include="game.h">
      <Filter>Header Files</Filter>
    </ClInclude>
    <ClInclude Include="exception.h">
      <Filter>Header Files</Filter>
    </ClInclude>
  </ItemGroup>
  <ItemGroup>
    <Image Include="Assets\spike.png">
      <Filter>Resource Files</Filter>
    </Image>
    <Image Include="Assets\anim.png">
      <Filter>Resource Files</Filter>
    </Image>
    <Image Include="Assets\B1.png">
      <Filter>Resource Files</Filter>
    </Image>
    <Image Include="Assets\duck.png">
      <Filter>Resource Files</Filter>
    </Image>
    <Image Include="Assets\duck1.png">
      <Filter>Resource Files</Filter>
    </Image>
    <Image Include="Assets\duck2.png">
      <Filter>Resource Files</Filter>
    </Image>
    <Image Include="Assets\fanim.png">
      <Filter>Resource Files</Filter>
    </Image>
    <Image Include="Assets\mush.png">
      <Filter>Resource Files</Filter>
    </Image>
    <Image Include="Assets\Platform.png">
      <Filter>Resource Files</Filter>
    </Image>
    <Image Include="Assets\carrot.png">
      <Filter>Resource Files</Filter>
    </Image>
    <Image Include="Assets\fire.png">
      <Filter>Resource Files</Filter>
    </Image>
    <Image Include="Assets\heart.png">
      <Filter>Resource Files</Filter>
    </Image>
    <Image Include="Assets\key.png">
      <Filter>Resource Files</Filter>
    </Image>
    <Image Include="Assets\strawberry.png">
      <Filter>Resource Files</Filter>
    </Image>
    <Image Include="Assets\door.png">
      <Filter>Resource Files</Filter>
    </Image>
  </ItemGroup>
  <ItemGroup>
    <None Include="ClassDiagram.cd" />
    <None Include="ClassDiagram1.cd" />
  </ItemGroup>
</Project>